
Microsoft Visual Studio Solution File, Format Version 12.00
# Visual Studio Version 16
VisualStudioVersion = 16.0.31025.194
MinimumVisualStudioVersion = 10.0.40219.1
Project("{FAE04EC0-301F-11D3-BF4B-00C04F79EFBC}") = "z9s0kk_evolution", "z9s0kk_evolution\z9s0kk_evolution.csproj", "{5D643DE0-40ED-443D-8BD4-62A98FE88582}"
EndProject
Global
	GlobalSection(SolutionConfigurationPlatforms) = preSolution
		Debug|Any CPU = Debug|Any CPU
		Release|Any CPU = Release|Any CPU
	EndGlobalSection
	GlobalSection(ProjectConfigurationPlatforms) = postSolution
		{5D643DE0-40ED-443D-8BD4-62A98FE88582}.Debug|Any CPU.ActiveCfg = Debug|Any CPU
		{5D643DE0-40ED-443D-8BD4-62A98FE88582}.Debug|Any CPU.Build.0 = Debug|Any CPU
		{5D643DE0-40ED-443D-8BD4-62A98FE88582}.Release|Any CPU.ActiveCfg = Release|Any CPU
		{5D643DE0-40ED-443D-8BD4-62A98FE88582}.Release|Any CPU.Build.0 = Release|Any CPU
	EndGlobalSection
	GlobalSection(SolutionProperties) = preSolution
		HideSolutionNode = FALSE
	EndGlobalSection
	GlobalSection(ExtensibilityGlobals) = postSolution
		SolutionGuid = {7ACFEDBE-E9FD-4F29-BA37-1D493E92D5DA}
	EndGlobalSection
EndGlobal
